
Microsoft Visual Studio Solution File, Format Version 12.00
# Visual Studio Version 16
VisualStudioVersion = 16.0.30114.105
MinimumVisualStudioVersion = 10.0.40219.1
Project("{2150E333-8FDC-42A3-9474-1A3956D46DE8}") = "src", "src", "{C9520DFE-AEC1-4FFC-8E2B-AD8DDA1BEFE1}"
EndProject
Project("{FAE04EC0-301F-11D3-BF4B-00C04F79EFBC}") = "CafeNoir.Core", "src\CafeNoir.Core\CafeNoir.Core.csproj", "{B64E83F9-5C52-4610-B5DB-463DD2FBEF61}"
EndProject
Project("{FAE04EC0-301F-11D3-BF4B-00C04F79EFBC}") = "CafeNoir", "src\CafeNoir\CafeNoir.csproj", "{4FE061E3-835C-4DB8-A3B0-88E3B9FAC73B}"
EndProject
Global
	GlobalSection(SolutionConfigurationPlatforms) = preSolution
		Debug|Any CPU = Debug|Any CPU
		Release|Any CPU = Release|Any CPU
	EndGlobalSection
	GlobalSection(SolutionProperties) = preSolution
		HideSolutionNode = FALSE
	EndGlobalSection
	GlobalSection(ProjectConfigurationPlatforms) = postSolution
		{B64E83F9-5C52-4610-B5DB-463DD2FBEF61}.Debug|Any CPU.ActiveCfg = Debug|Any CPU
		{B64E83F9-5C52-4610-B5DB-463DD2FBEF61}.Debug|Any CPU.Build.0 = Debug|Any CPU
		{B64E83F9-5C52-4610-B5DB-463DD2FBEF61}.Release|Any CPU.ActiveCfg = Release|Any CPU
		{B64E83F9-5C52-4610-B5DB-463DD2FBEF61}.Release|Any CPU.Build.0 = Release|Any CPU
		{4FE061E3-835C-4DB8-A3B0-88E3B9FAC73B}.Debug|Any CPU.ActiveCfg = Debug|Any CPU
		{4FE061E3-835C-4DB8-A3B0-88E3B9FAC73B}.Debug|Any CPU.Build.0 = Debug|Any CPU
		{4FE061E3-835C-4DB8-A3B0-88E3B9FAC73B}.Release|Any CPU.ActiveCfg = Release|Any CPU
		{4FE061E3-835C-4DB8-A3B0-88E3B9FAC73B}.Release|Any CPU.Build.0 = Release|Any CPU
	EndGlobalSection
	GlobalSection(NestedProjects) = preSolution
		{B64E83F9-5C52-4610-B5DB-463DD2FBEF61} = {C9520DFE-AEC1-4FFC-8E2B-AD8DDA1BEFE1}
		{4FE061E3-835C-4DB8-A3B0-88E3B9FAC73B} = {C9520DFE-AEC1-4FFC-8E2B-AD8DDA1BEFE1}
	EndGlobalSection
EndGlobal
